
Microsoft Visual Studio Solution File, Format Version 12.00
# Blend for Visual Studio Version 16
VisualStudioVersion = 16.0.32002.261
MinimumVisualStudioVersion = 10.0.40219.1
Project("{FAE04EC0-301F-11D3-BF4B-00C04F79EFBC}") = "SmokeyVersionSwitcher", "SmokeyVersionSwitcher\SmokeyVersionSwitcher.csproj", "{108F6639-2A2D-4758-AB7F-F0C1D5F3A34B}"
EndProject
Global
	GlobalSection(SolutionConfigurationPlatforms) = preSolution
		Debug|Any CPU = Debug|Any CPU
		Release|Any CPU = Release|Any CPU
	EndGlobalSection
	GlobalSection(ProjectConfigurationPlatforms) = postSolution
		{108F6639-2A2D-4758-AB7F-F0C1D5F3A34B}.Debug|Any CPU.ActiveCfg = Debug|Any CPU
		{108F6639-2A2D-4758-AB7F-F0C1D5F3A34B}.Debug|Any CPU.Build.0 = Debug|Any CPU
		{108F6639-2A2D-4758-AB7F-F0C1D5F3A34B}.Release|Any CPU.ActiveCfg = Release|Any CPU
		{108F6639-2A2D-4758-AB7F-F0C1D5F3A34B}.Release|Any CPU.Build.0 = Release|Any CPU
	EndGlobalSection
	GlobalSection(SolutionProperties) = preSolution
		HideSolutionNode = FALSE
	EndGlobalSection
	GlobalSection(ExtensibilityGlobals) = postSolution
		SolutionGuid = {AE99C3AB-658E-437B-A3C0-D620989CFFD0}
	EndGlobalSection
EndGlobal
